
Microsoft Visual Studio Solution File, Format Version 12.00
Project("{FAE04EC0-301F-11D3-BF4B-00C04F79EFBC}") = "ModPackInstaller", "ModPackInstaller.csproj", "{8F2C4B57-6790-4BB3-8F5E-61B44B984BC4}"
EndProject
Global
	GlobalSection(SolutionConfigurationPlatforms) = preSolution
		Debug|Any CPU = Debug|Any CPU
		Release|Any CPU = Release|Any CPU
	EndGlobalSection
	GlobalSection(ProjectConfigurationPlatforms) = postSolution
		{8F2C4B57-6790-4BB3-8F5E-61B44B984BC4}.Debug|Any CPU.ActiveCfg = Debug|Any CPU
		{8F2C4B57-6790-4BB3-8F5E-61B44B984BC4}.Debug|Any CPU.Build.0 = Debug|Any CPU
		{8F2C4B57-6790-4BB3-8F5E-61B44B984BC4}.Release|Any CPU.ActiveCfg = Release|Any CPU
		{8F2C4B57-6790-4BB3-8F5E-61B44B984BC4}.Release|Any CPU.Build.0 = Release|Any CPU
	EndGlobalSection
EndGlobal
